
Microsoft Visual Studio Solution File, Format Version 12.00
# Visual Studio Version 16
VisualStudioVersion = 16.0.30320.27
MinimumVisualStudioVersion = 10.0.40219.1
Project("{2150E333-8FDC-42A3-9474-1A3956D46DE8}") = "Commons", "Commons", "{103F73B2-1D09-41F6-ADC7-351B660667DF}"
EndProject
Project("{2150E333-8FDC-42A3-9474-1A3956D46DE8}") = "Presentation", "Presentation", "{A0407E28-B947-4F9A-99E3-437BB6678663}"
EndProject
Project("{2150E333-8FDC-42A3-9474-1A3956D46DE8}") = "Core", "Core", "{0D0720A2-5430-472A-B428-EB0D51D41A78}"
EndProject
Project("{2150E333-8FDC-42A3-9474-1A3956D46DE8}") = "Infrastructure", "Infrastructure", "{C599293A-8577-40F5-A9DC-E0188A57A4B2}"
EndProject
Project("{9A19103F-16F7-4668-BE54-9A1E7A4F7556}") = "Web", "Web\Web.csproj", "{EE435032-41AB-4A8A-B2E5-02A9B737C061}"
EndProject
Project("{9A19103F-16F7-4668-BE54-9A1E7A4F7556}") = "Common", "Common\Common.csproj", "{1FE69E09-F18F-4C2B-AA36-A7EA01400DA4}"
EndProject
Project("{9A19103F-16F7-4668-BE54-9A1E7A4F7556}") = "AuthApplication", "AuthApplication\AuthApplication.csproj", "{17A43E77-5237-4A3E-845C-DA60A03234C3}"
EndProject
Project("{9A19103F-16F7-4668-BE54-9A1E7A4F7556}") = "Persistence", "Persistence\Persistence.csproj", "{B613F81A-6495-4419-9F90-69DDCC8DCDBA}"
EndProject
Project("{9A19103F-16F7-4668-BE54-9A1E7A4F7556}") = "AuthDomain", "AuthDomain\AuthDomain.csproj", "{6A0FE1F5-4341-47C4-B7C2-D0902884B87A}"
EndProject
Project("{9A19103F-16F7-4668-BE54-9A1E7A4F7556}") = "Persistence.MSSQL", "Persistence.MSSQL\Persistence.MSSQL.csproj", "{DE76CEF9-BB54-48CB-AA83-6C3C78335EFB}"
EndProject
Project("{9A19103F-16F7-4668-BE54-9A1E7A4F7556}") = "Persistence.MYSQL", "Persistance.MYSQL\Persistence.MYSQL.csproj", "{CF1F9FEA-CA51-4BEF-9E34-51B75AA94C10}"
EndProject
Project("{9A19103F-16F7-4668-BE54-9A1E7A4F7556}") = "Infrastructuer", "Infrastructuer\Infrastructuer.csproj", "{E0667377-0818-4981-A6B6-AE6E5F6A86CF}"
EndProject
Project("{2150E333-8FDC-42A3-9474-1A3956D46DE8}") = "Tests", "Tests", "{2EDF8E4A-1198-4014-8CB2-537A7804A4DD}"
EndProject
Project("{9A19103F-16F7-4668-BE54-9A1E7A4F7556}") = "Common-Test", "Common-Test\Common-Test.csproj", "{6EE46F43-ED75-4481-A7F2-25FE75BA6A93}"
EndProject
Project("{9A19103F-16F7-4668-BE54-9A1E7A4F7556}") = "Infrastructure.Test", "Infrastructure.Test\Infrastructure.Test.csproj", "{BA0892AF-AC1B-440C-872C-CD3080FC8766}"
EndProject
Global
	GlobalSection(SolutionConfigurationPlatforms) = preSolution
		Debug|Any CPU = Debug|Any CPU
		Release|Any CPU = Release|Any CPU
	EndGlobalSection
	GlobalSection(ProjectConfigurationPlatforms) = postSolution
		{EE435032-41AB-4A8A-B2E5-02A9B737C061}.Debug|Any CPU.ActiveCfg = Debug|Any CPU
		{EE435032-41AB-4A8A-B2E5-02A9B737C061}.Debug|Any CPU.Build.0 = Debug|Any CPU
		{EE435032-41AB-4A8A-B2E5-02A9B737C061}.Release|Any CPU.ActiveCfg = Release|Any CPU
		{EE435032-41AB-4A8A-B2E5-02A9B737C061}.Release|Any CPU.Build.0 = Release|Any CPU
		{1FE69E09-F18F-4C2B-AA36-A7EA01400DA4}.Debug|Any CPU.ActiveCfg = Debug|Any CPU
		{1FE69E09-F18F-4C2B-AA36-A7EA01400DA4}.Debug|Any CPU.Build.0 = Debug|Any CPU
		{1FE69E09-F18F-4C2B-AA36-A7EA01400DA4}.Release|Any CPU.ActiveCfg = Release|Any CPU
		{1FE69E09-F18F-4C2B-AA36-A7EA01400DA4}.Release|Any CPU.Build.0 = Release|Any CPU
		{17A43E77-5237-4A3E-845C-DA60A03234C3}.Debug|Any CPU.ActiveCfg = Debug|Any CPU
		{17A43E77-5237-4A3E-845C-DA60A03234C3}.Debug|Any CPU.Build.0 = Debug|Any CPU
		{17A43E77-5237-4A3E-845C-DA60A03234C3}.Release|Any CPU.ActiveCfg = Release|Any CPU
		{17A43E77-5237-4A3E-845C-DA60A03234C3}.Release|Any CPU.Build.0 = Release|Any CPU
		{B613F81A-6495-4419-9F90-69DDCC8DCDBA}.Debug|Any CPU.ActiveCfg = Debug|Any CPU
		{B613F81A-6495-4419-9F90-69DDCC8DCDBA}.Debug|Any CPU.Build.0 = Debug|Any CPU
		{B613F81A-6495-4419-9F90-69DDCC8DCDBA}.Release|Any CPU.ActiveCfg = Release|Any CPU
		{B613F81A-6495-4419-9F90-69DDCC8DCDBA}.Release|Any CPU.Build.0 = Release|Any CPU
		{6A0FE1F5-4341-47C4-B7C2-D0902884B87A}.Debug|Any CPU.ActiveCfg = Debug|Any CPU
		{6A0FE1F5-4341-47C4-B7C2-D0902884B87A}.Debug|Any CPU.Build.0 = Debug|Any CPU
		{6A0FE1F5-4341-47C4-B7C2-D0902884B87A}.Release|Any CPU.ActiveCfg = Release|Any CPU
		{6A0FE1F5-4341-47C4-B7C2-D0902884B87A}.Release|Any CPU.Build.0 = Release|Any CPU
		{DE76CEF9-BB54-48CB-AA83-6C3C78335EFB}.Debug|Any CPU.ActiveCfg = Debug|Any CPU
		{DE76CEF9-BB54-48CB-AA83-6C3C78335EFB}.Debug|Any CPU.Build.0 = Debug|Any CPU
		{DE76CEF9-BB54-48CB-AA83-6C3C78335EFB}.Release|Any CPU.ActiveCfg = Release|Any CPU
		{DE76CEF9-BB54-48CB-AA83-6C3C78335EFB}.Release|Any CPU.Build.0 = Release|Any CPU
		{CF1F9FEA-CA51-4BEF-9E34-51B75AA94C10}.Debug|Any CPU.ActiveCfg = Debug|Any CPU
		{CF1F9FEA-CA51-4BEF-9E34-51B75AA94C10}.Debug|Any CPU.Build.0 = Debug|Any CPU
		{CF1F9FEA-CA51-4BEF-9E34-51B75AA94C10}.Release|Any CPU.ActiveCfg = Release|Any CPU
		{CF1F9FEA-CA51-4BEF-9E34-51B75AA94C10}.Release|Any CPU.Build.0 = Release|Any CPU
		{E0667377-0818-4981-A6B6-AE6E5F6A86CF}.Debug|Any CPU.ActiveCfg = Debug|Any CPU
		{E0667377-0818-4981-A6B6-AE6E5F6A86CF}.Debug|Any CPU.Build.0 = Debug|Any CPU
		{E0667377-0818-4981-A6B6-AE6E5F6A86CF}.Release|Any CPU.ActiveCfg = Release|Any CPU
		{E0667377-0818-4981-A6B6-AE6E5F6A86CF}.Release|Any CPU.Build.0 = Release|Any CPU
		{6EE46F43-ED75-4481-A7F2-25FE75BA6A93}.Debug|Any CPU.ActiveCfg = Debug|Any CPU
		{6EE46F43-ED75-4481-A7F2-25FE75BA6A93}.Debug|Any CPU.Build.0 = Debug|Any CPU
		{6EE46F43-ED75-4481-A7F2-25FE75BA6A93}.Release|Any CPU.ActiveCfg = Release|Any CPU
		{6EE46F43-ED75-4481-A7F2-25FE75BA6A93}.Release|Any CPU.Build.0 = Release|Any CPU
		{BA0892AF-AC1B-440C-872C-CD3080FC8766}.Debug|Any CPU.ActiveCfg = Debug|Any CPU
		{BA0892AF-AC1B-440C-872C-CD3080FC8766}.Debug|Any CPU.Build.0 = Debug|Any CPU
		{BA0892AF-AC1B-440C-872C-CD3080FC8766}.Release|Any CPU.ActiveCfg = Release|Any CPU
		{BA0892AF-AC1B-440C-872C-CD3080FC8766}.Release|Any CPU.Build.0 = Release|Any CPU
	EndGlobalSection
	GlobalSection(SolutionProperties) = preSolution
		HideSolutionNode = FALSE
	EndGlobalSection
	GlobalSection(NestedProjects) = preSolution
		{EE435032-41AB-4A8A-B2E5-02A9B737C061} = {A0407E28-B947-4F9A-99E3-437BB6678663}
		{1FE69E09-F18F-4C2B-AA36-A7EA01400DA4} = {103F73B2-1D09-41F6-ADC7-351B660667DF}
		{17A43E77-5237-4A3E-845C-DA60A03234C3} = {0D0720A2-5430-472A-B428-EB0D51D41A78}
		{B613F81A-6495-4419-9F90-69DDCC8DCDBA} = {C599293A-8577-40F5-A9DC-E0188A57A4B2}
		{6A0FE1F5-4341-47C4-B7C2-D0902884B87A} = {0D0720A2-5430-472A-B428-EB0D51D41A78}
		{DE76CEF9-BB54-48CB-AA83-6C3C78335EFB} = {C599293A-8577-40F5-A9DC-E0188A57A4B2}
		{CF1F9FEA-CA51-4BEF-9E34-51B75AA94C10} = {C599293A-8577-40F5-A9DC-E0188A57A4B2}
		{E0667377-0818-4981-A6B6-AE6E5F6A86CF} = {C599293A-8577-40F5-A9DC-E0188A57A4B2}
		{6EE46F43-ED75-4481-A7F2-25FE75BA6A93} = {2EDF8E4A-1198-4014-8CB2-537A7804A4DD}
		{BA0892AF-AC1B-440C-872C-CD3080FC8766} = {2EDF8E4A-1198-4014-8CB2-537A7804A4DD}
	EndGlobalSection
	GlobalSection(ExtensibilityGlobals) = postSolution
		SolutionGuid = {8A97FF22-1A6E-4D80-A56C-49DA155C3A30}
	EndGlobalSection
EndGlobal
